
Microsoft Visual Studio Solution File, Format Version 12.00
# Visual Studio Version 17
VisualStudioVersion = 17.11.35327.3
MinimumVisualStudioVersion = 10.0.40219.1
Project("{FAE04EC0-301F-11D3-BF4B-00C04F79EFBC}") = "CryptoApp", "CryptoApp\CryptoApp.csproj", "{02984721-F33E-4309-827C-B730D4AFAFB4}"
EndProject
Global
	GlobalSection(SolutionConfigurationPlatforms) = preSolution
		Debug|Any CPU = Debug|Any CPU
		Release|Any CPU = Release|Any CPU
	EndGlobalSection
	GlobalSection(ProjectConfigurationPlatforms) = postSolution
		{02984721-F33E-4309-827C-B730D4AFAFB4}.Debug|Any CPU.ActiveCfg = Debug|Any CPU
		{02984721-F33E-4309-827C-B730D4AFAFB4}.Debug|Any CPU.Build.0 = Debug|Any CPU
		{02984721-F33E-4309-827C-B730D4AFAFB4}.Release|Any CPU.ActiveCfg = Release|Any CPU
		{02984721-F33E-4309-827C-B730D4AFAFB4}.Release|Any CPU.Build.0 = Release|Any CPU
	EndGlobalSection
	GlobalSection(SolutionProperties) = preSolution
		HideSolutionNode = FALSE
	EndGlobalSection
	GlobalSection(ExtensibilityGlobals) = postSolution
		SolutionGuid = {E5725D47-2D20-48B8-B30A-31731C96F9B2}
	EndGlobalSection
EndGlobal
